// !$*UTF8*$!
{
	archiveVersion = 1;
	classes = {
	};
	objectVersion = 55;
	objects = {

/* Begin PBXBuildFile section */
		01F69B8310FBA00D792B0F37 /* LibraryViewModel.swift in Sources */ = {isa = PBXBuildFile; fileRef = C8447F72E3C79170E91EFD17 /* LibraryViewModel.swift */; };
		0398BB1F1451C7FD96D2BEFE /* SprayPaintProgress.swift in Sources */ = {isa = PBXBuildFile; fileRef = BB9AF199E3C446FB3BED5CE4 /* SprayPaintProgress.swift */; };
		04D1665AB24791DC5DD5A2B9 /* LibraryView.swift in Sources */ = {isa = PBXBuildFile; fileRef = CBEF487E093571C1B8D8235E /* LibraryView.swift */; };
		0FCCBA7D2175A642FD57FFA7 /* PlayerView.swift in Sources */ = {isa = PBXBuildFile; fileRef = 137326B8515A4F120A54E0FB /* PlayerView.swift */; };
		0FD67032DA5441749833D6A3 /* CarPlayManager.swift in Sources */ = {isa = PBXBuildFile; fileRef = E9654EE64709ABF465E0E37D /* CarPlayManager.swift */; };
		101CB30C55A9598F545B9565 /* MainTabView.swift in Sources */ = {isa = PBXBuildFile; fileRef = 24FFEBF856DF23951BCDA3AF /* MainTabView.swift */; };
		143448211C2E68B3BEC5464F /* DashboardView.swift in Sources */ = {isa = PBXBuildFile; fileRef = 73D4C3B7ACA6921CD03929B4 /* DashboardView.swift */; };
		23E168F7E8ACBFFE160F717C /* OscilloscopeVisualizer.swift in Sources */ = {isa = PBXBuildFile; fileRef = 2C62D36C708FB0A63585A28E /* OscilloscopeVisualizer.swift */; };
		248A0DFF4A88F17EA7980298 /* PlaylistDetailViewModel.swift in Sources */ = {isa = PBXBuildFile; fileRef = 0CC9366BBBEA8718A752FD5C /* PlaylistDetailViewModel.swift */; };
		2B7ACFB254552C80B2198196 /* ImageCacheService.swift in Sources */ = {isa = PBXBuildFile; fileRef = A762B026EDA6BA6441D3E844 /* ImageCacheService.swift */; };
		30BB485D30F9574008572866 /* SearchViewModel.swift in Sources */ = {isa = PBXBuildFile; fileRef = 98C5C612B85718DDCA2F37D6 /* SearchViewModel.swift */; };
		435F373DFC8864AECCE0E39B /* PlaylistDetailView.swift in Sources */ = {isa = PBXBuildFile; fileRef = 325C26114655D5F06616CD27 /* PlaylistDetailView.swift */; };
		462AA8F68B20B467F83F095F /* VUMeterProgress.swift in Sources */ = {isa = PBXBuildFile; fileRef = 49D6CB91CA702C2A832AF7F4 /* VUMeterProgress.swift */; };
		49D7FBD58988C71B3620AB9A /* ThemeProvider.swift in Sources */ = {isa = PBXBuildFile; fileRef = 39C860653E7FEB2D6A6B4FC3 /* ThemeProvider.swift */; };
		4E6E79583E58BA4F6851017C /* TrackRow.swift in Sources */ = {isa = PBXBuildFile; fileRef = 858503B9457603494D0A5BA8 /* TrackRow.swift */; };
		51CF5B0866E2D11BEBFDDBD8 /* BombestApp.swift in Sources */ = {isa = PBXBuildFile; fileRef = 9A56A2ED54B851A045E3DF7E /* BombestApp.swift */; };
		62680097AF286D60EF50E4E1 /* AuthViewModel.swift in Sources */ = {isa = PBXBuildFile; fileRef = BB118F267B74EA98D812B628 /* AuthViewModel.swift */; };
		6E3DFBBB064F5A80C452ACFD /* SettingsView.swift in Sources */ = {isa = PBXBuildFile; fileRef = E45E93E5A56570B386802021 /* SettingsView.swift */; };
		706E4840D1C59861CF96B45B /* APIService.swift in Sources */ = {isa = PBXBuildFile; fileRef = 72E5956533019920A200A384 /* APIService.swift */; };
		786FD81260A8D83867B14B52 /* AudioService.swift in Sources */ = {isa = PBXBuildFile; fileRef = 6381D339EF19D71C60F9811C /* AudioService.swift */; };
		7CD80F741CD4A5DE694ABCC6 /* TuistAssets+BombestBeats.swift in Sources */ = {isa = PBXBuildFile; fileRef = B62EA7035F235915AFB61EB9 /* TuistAssets+BombestBeats.swift */; };
		84438D740E0C4ECC896EFB06 /* GraffitiVisualizer.swift in Sources */ = {isa = PBXBuildFile; fileRef = 4FB00CDCB9CCC20F083D37C9 /* GraffitiVisualizer.swift */; };
		97C23930D8A77C0DA8DB1F38 /* LibraryCard.swift in Sources */ = {isa = PBXBuildFile; fileRef = A87AA67928BA8EFF980E2D8A /* LibraryCard.swift */; };
		9BD0B256A860750494A362A6 /* Models.swift in Sources */ = {isa = PBXBuildFile; fileRef = 3603363B75A3AC56AAB085F9 /* Models.swift */; };
		9D15100041208329687F4D4B /* MiniPlayerView.swift in Sources */ = {isa = PBXBuildFile; fileRef = B08D17EEC9A4A03361D07B9F /* MiniPlayerView.swift */; };
		A1F2CF540D26BEE08F866371 /* FavoritesManager.swift in Sources */ = {isa = PBXBuildFile; fileRef = 51C74B8408CB477FBF795470 /* FavoritesManager.swift */; };
		A3726A3E871073984011A650 /* LoginView.swift in Sources */ = {isa = PBXBuildFile; fileRef = 8EF221829BD80715811A4EC6 /* LoginView.swift */; };
		AF09A519B1D9DDD4908C4087 /* CachedImage.swift in Sources */ = {isa = PBXBuildFile; fileRef = 97E1FFD62AC976A949C496DE /* CachedImage.swift */; };
		B559D1CDA9EF15D39C90393B /* SearchView.swift in Sources */ = {isa = PBXBuildFile; fileRef = 281DADC8EDE5E59DCB101907 /* SearchView.swift */; };
		B9F22F041C234E1DB43EA273 /* Assets.xcassets in Resources */ = {isa = PBXBuildFile; fileRef = E5EE3E9DA9DB1135E2A34BC7 /* Assets.xcassets */; };
		BD8318D42EBE84A3B9EB5FC7 /* TuistBundle+BombestBeats.swift in Sources */ = {isa = PBXBuildFile; fileRef = 8C1ED01486B3EB2A34E51B8E /* TuistBundle+BombestBeats.swift */; };
		BFE21149BED9C086239CC32F /* HapticsManager.swift in Sources */ = {isa = PBXBuildFile; fileRef = BF022BC651D0BA649DCE3E27 /* HapticsManager.swift */; };
		C206291932A2ED320E773D53 /* PasskeyManagementView.swift in Sources */ = {isa = PBXBuildFile; fileRef = 3FDDCE35F075378C2D095505 /* PasskeyManagementView.swift */; };
		C7F9159EDC47829FC5163C48 /* FileCacheService.swift in Sources */ = {isa = PBXBuildFile; fileRef = E00517A6670CED1EBDDBDD5B /* FileCacheService.swift */; };
		F10AFAFDD3EEFD5DCF8C34B7 /* MetricsService.swift in Sources */ = {isa = PBXBuildFile; fileRef = 1C2EA228CA795277FE5A8120 /* MetricsService.swift */; };
		FAEAEF5D92017947EE608FD6 /* DashboardViewModel.swift in Sources */ = {isa = PBXBuildFile; fileRef = 31DBA2EF8FE00C57A592F32B /* DashboardViewModel.swift */; };
/* End PBXBuildFile section */

/* Begin PBXCopyFilesBuildPhase section */
		720C7765352F1748DF2126CC /* Embed Frameworks */ = {
			isa = PBXCopyFilesBuildPhase;
			buildActionMask = 2147483647;
			dstPath = "";
			dstSubfolderSpec = 10;
			files = (
			);
			name = "Embed Frameworks";
			runOnlyForDeploymentPostprocessing = 0;
		};
/* End PBXCopyFilesBuildPhase section */

/* Begin PBXFileReference section */
		0CC9366BBBEA8718A752FD5C /* PlaylistDetailViewModel.swift */ = {isa = PBXFileReference; lastKnownFileType = sourcecode.swift; path = PlaylistDetailViewModel.swift; sourceTree = "<group>"; };
		137326B8515A4F120A54E0FB /* PlayerView.swift */ = {isa = PBXFileReference; lastKnownFileType = sourcecode.swift; path = PlayerView.swift; sourceTree = "<group>"; };
		1C2EA228CA795277FE5A8120 /* MetricsService.swift */ = {isa = PBXFileReference; lastKnownFileType = sourcecode.swift; path = MetricsService.swift; sourceTree = "<group>"; };
		1F7F62073A59CD76B04C7DED /* BombestBeats.app */ = {isa = PBXFileReference; explicitFileType = wrapper.application; includeInIndex = 0; path = BombestBeats.app; sourceTree = BUILT_PRODUCTS_DIR; };
		24FFEBF856DF23951BCDA3AF /* MainTabView.swift */ = {isa = PBXFileReference; lastKnownFileType = sourcecode.swift; path = MainTabView.swift; sourceTree = "<group>"; };
		281DADC8EDE5E59DCB101907 /* SearchView.swift */ = {isa = PBXFileReference; lastKnownFileType = sourcecode.swift; path = SearchView.swift; sourceTree = "<group>"; };
		2C62D36C708FB0A63585A28E /* OscilloscopeVisualizer.swift */ = {isa = PBXFileReference; lastKnownFileType = sourcecode.swift; path = OscilloscopeVisualizer.swift; sourceTree = "<group>"; };
		31DBA2EF8FE00C57A592F32B /* DashboardViewModel.swift */ = {isa = PBXFileReference; lastKnownFileType = sourcecode.swift; path = DashboardViewModel.swift; sourceTree = "<group>"; };
		325C26114655D5F06616CD27 /* PlaylistDetailView.swift */ = {isa = PBXFileReference; lastKnownFileType = sourcecode.swift; path = PlaylistDetailView.swift; sourceTree = "<group>"; };
		3603363B75A3AC56AAB085F9 /* Models.swift */ = {isa = PBXFileReference; lastKnownFileType = sourcecode.swift; path = Models.swift; sourceTree = "<group>"; };
		39C860653E7FEB2D6A6B4FC3 /* ThemeProvider.swift */ = {isa = PBXFileReference; lastKnownFileType = sourcecode.swift; path = ThemeProvider.swift; sourceTree = "<group>"; };
		3FDDCE35F075378C2D095505 /* PasskeyManagementView.swift */ = {isa = PBXFileReference; lastKnownFileType = sourcecode.swift; path = PasskeyManagementView.swift; sourceTree = "<group>"; };
		3FE8EAA1D2F4F27318CD76ED /* BombestBeats-Info.plist */ = {isa = PBXFileReference; lastKnownFileType = text.plist; path = "BombestBeats-Info.plist"; sourceTree = "<group>"; };
		49D6CB91CA702C2A832AF7F4 /* VUMeterProgress.swift */ = {isa = PBXFileReference; lastKnownFileType = sourcecode.swift; path = VUMeterProgress.swift; sourceTree = "<group>"; };
		4FB00CDCB9CCC20F083D37C9 /* GraffitiVisualizer.swift */ = {isa = PBXFileReference; lastKnownFileType = sourcecode.swift; path = GraffitiVisualizer.swift; sourceTree = "<group>"; };
		51C74B8408CB477FBF795470 /* FavoritesManager.swift */ = {isa = PBXFileReference; lastKnownFileType = sourcecode.swift; path = FavoritesManager.swift; sourceTree = "<group>"; };
		6381D339EF19D71C60F9811C /* AudioService.swift */ = {isa = PBXFileReference; lastKnownFileType = sourcecode.swift; path = AudioService.swift; sourceTree = "<group>"; };
		72E5956533019920A200A384 /* APIService.swift */ = {isa = PBXFileReference; lastKnownFileType = sourcecode.swift; path = APIService.swift; sourceTree = "<group>"; };
		73D4C3B7ACA6921CD03929B4 /* DashboardView.swift */ = {isa = PBXFileReference; lastKnownFileType = sourcecode.swift; path = DashboardView.swift; sourceTree = "<group>"; };
		858503B9457603494D0A5BA8 /* TrackRow.swift */ = {isa = PBXFileReference; lastKnownFileType = sourcecode.swift; path = TrackRow.swift; sourceTree = "<group>"; };
		8C1ED01486B3EB2A34E51B8E /* TuistBundle+BombestBeats.swift */ = {isa = PBXFileReference; lastKnownFileType = sourcecode.swift; path = "TuistBundle+BombestBeats.swift"; sourceTree = "<group>"; };
		8EF221829BD80715811A4EC6 /* LoginView.swift */ = {isa = PBXFileReference; lastKnownFileType = sourcecode.swift; path = LoginView.swift; sourceTree = "<group>"; };
		97E1FFD62AC976A949C496DE /* CachedImage.swift */ = {isa = PBXFileReference; lastKnownFileType = sourcecode.swift; path = CachedImage.swift; sourceTree = "<group>"; };
		98C5C612B85718DDCA2F37D6 /* SearchViewModel.swift */ = {isa = PBXFileReference; lastKnownFileType = sourcecode.swift; path = SearchViewModel.swift; sourceTree = "<group>"; };
		9A56A2ED54B851A045E3DF7E /* BombestApp.swift */ = {isa = PBXFileReference; lastKnownFileType = sourcecode.swift; path = BombestApp.swift; sourceTree = "<group>"; };
		A762B026EDA6BA6441D3E844 /* ImageCacheService.swift */ = {isa = PBXFileReference; lastKnownFileType = sourcecode.swift; path = ImageCacheService.swift; sourceTree = "<group>"; };
		A87AA67928BA8EFF980E2D8A /* LibraryCard.swift */ = {isa = PBXFileReference; lastKnownFileType = sourcecode.swift; path = LibraryCard.swift; sourceTree = "<group>"; };
		B08D17EEC9A4A03361D07B9F /* MiniPlayerView.swift */ = {isa = PBXFileReference; lastKnownFileType = sourcecode.swift; path = MiniPlayerView.swift; sourceTree = "<group>"; };
		B62EA7035F235915AFB61EB9 /* TuistAssets+BombestBeats.swift */ = {isa = PBXFileReference; lastKnownFileType = sourcecode.swift; path = "TuistAssets+BombestBeats.swift"; sourceTree = "<group>"; };
		BB118F267B74EA98D812B628 /* AuthViewModel.swift */ = {isa = PBXFileReference; lastKnownFileType = sourcecode.swift; path = AuthViewModel.swift; sourceTree = "<group>"; };
		BB9AF199E3C446FB3BED5CE4 /* SprayPaintProgress.swift */ = {isa = PBXFileReference; lastKnownFileType = sourcecode.swift; path = SprayPaintProgress.swift; sourceTree = "<group>"; };
		BF022BC651D0BA649DCE3E27 /* HapticsManager.swift */ = {isa = PBXFileReference; lastKnownFileType = sourcecode.swift; path = HapticsManager.swift; sourceTree = "<group>"; };
		BF3F8A82E42B96C4263CF0E6 /* BombestBeats.entitlements */ = {isa = PBXFileReference; lastKnownFileType = text.plist.entitlements; path = BombestBeats.entitlements; sourceTree = "<group>"; };
		C8447F72E3C79170E91EFD17 /* LibraryViewModel.swift */ = {isa = PBXFileReference; lastKnownFileType = sourcecode.swift; path = LibraryViewModel.swift; sourceTree = "<group>"; };
		CBEF487E093571C1B8D8235E /* LibraryView.swift */ = {isa = PBXFileReference; lastKnownFileType = sourcecode.swift; path = LibraryView.swift; sourceTree = "<group>"; };
		E00517A6670CED1EBDDBDD5B /* FileCacheService.swift */ = {isa = PBXFileReference; lastKnownFileType = sourcecode.swift; path = FileCacheService.swift; sourceTree = "<group>"; };
		E45E93E5A56570B386802021 /* SettingsView.swift */ = {isa = PBXFileReference; lastKnownFileType = sourcecode.swift; path = SettingsView.swift; sourceTree = "<group>"; };
		E5EE3E9DA9DB1135E2A34BC7 /* Assets.xcassets */ = {isa = PBXFileReference; lastKnownFileType = folder.assetcatalog; path = Assets.xcassets; sourceTree = "<group>"; };
		E9654EE64709ABF465E0E37D /* CarPlayManager.swift */ = {isa = PBXFileReference; lastKnownFileType = sourcecode.swift; path = CarPlayManager.swift; sourceTree = "<group>"; };
/* End PBXFileReference section */

/* Begin PBXFrameworksBuildPhase section */
		B718735A9D61D877D5F2DB67 /* Frameworks */ = {
			isa = PBXFrameworksBuildPhase;
			buildActionMask = 2147483647;
			files = (
			);
			runOnlyForDeploymentPostprocessing = 0;
		};
/* End PBXFrameworksBuildPhase section */

/* Begin PBXGroup section */
		105CF1690FE971FC54D94B69 /* Models */ = {
			isa = PBXGroup;
			children = (
				3603363B75A3AC56AAB085F9 /* Models.swift */,
			);
			path = Models;
			sourceTree = "<group>";
		};
		2064B2E2A819A8E21FE1D8DC /* Services */ = {
			isa = PBXGroup;
			children = (
				72E5956533019920A200A384 /* APIService.swift */,
				6381D339EF19D71C60F9811C /* AudioService.swift */,
				E9654EE64709ABF465E0E37D /* CarPlayManager.swift */,
				51C74B8408CB477FBF795470 /* FavoritesManager.swift */,
				E00517A6670CED1EBDDBDD5B /* FileCacheService.swift */,
				BF022BC651D0BA649DCE3E27 /* HapticsManager.swift */,
				A762B026EDA6BA6441D3E844 /* ImageCacheService.swift */,
				1C2EA228CA795277FE5A8120 /* MetricsService.swift */,
			);
			path = Services;
			sourceTree = "<group>";
		};
		251D43CD3856C6B0B921E238 /* Views */ = {
			isa = PBXGroup;
			children = (
				378DEB6E01779CFBF8DB2026 /* Components */,
				73D4C3B7ACA6921CD03929B4 /* DashboardView.swift */,
				A87AA67928BA8EFF980E2D8A /* LibraryCard.swift */,
				CBEF487E093571C1B8D8235E /* LibraryView.swift */,
				8EF221829BD80715811A4EC6 /* LoginView.swift */,
				B08D17EEC9A4A03361D07B9F /* MiniPlayerView.swift */,
				3FDDCE35F075378C2D095505 /* PasskeyManagementView.swift */,
				137326B8515A4F120A54E0FB /* PlayerView.swift */,
				325C26114655D5F06616CD27 /* PlaylistDetailView.swift */,
				281DADC8EDE5E59DCB101907 /* SearchView.swift */,
				E45E93E5A56570B386802021 /* SettingsView.swift */,
				858503B9457603494D0A5BA8 /* TrackRow.swift */,
			);
			path = Views;
			sourceTree = "<group>";
		};
		378DEB6E01779CFBF8DB2026 /* Components */ = {
			isa = PBXGroup;
			children = (
				97E1FFD62AC976A949C496DE /* CachedImage.swift */,
				4FB00CDCB9CCC20F083D37C9 /* GraffitiVisualizer.swift */,
				2C62D36C708FB0A63585A28E /* OscilloscopeVisualizer.swift */,
				BB9AF199E3C446FB3BED5CE4 /* SprayPaintProgress.swift */,
				49D6CB91CA702C2A832AF7F4 /* VUMeterProgress.swift */,
			);
			path = Components;
			sourceTree = "<group>";
		};
		3A71B42D53DB6EC601A93DCA /* Theme */ = {
			isa = PBXGroup;
			children = (
				39C860653E7FEB2D6A6B4FC3 /* ThemeProvider.swift */,
			);
			path = Theme;
			sourceTree = "<group>";
		};
		5880D97C7DD03E0E5C4E55E7 /* ViewModels */ = {
			isa = PBXGroup;
			children = (
				BB118F267B74EA98D812B628 /* AuthViewModel.swift */,
				31DBA2EF8FE00C57A592F32B /* DashboardViewModel.swift */,
				C8447F72E3C79170E91EFD17 /* LibraryViewModel.swift */,
				0CC9366BBBEA8718A752FD5C /* PlaylistDetailViewModel.swift */,
				98C5C612B85718DDCA2F37D6 /* SearchViewModel.swift */,
			);
			path = ViewModels;
			sourceTree = "<group>";
		};
		5DAE1BBFBB733433C9D2976B /* Resources */ = {
			isa = PBXGroup;
			children = (
				E5EE3E9DA9DB1135E2A34BC7 /* Assets.xcassets */,
			);
			path = Resources;
			sourceTree = "<group>";
		};
		7BE28D9479C2659A94CB8FF3 /* Products */ = {
			isa = PBXGroup;
			children = (
				1F7F62073A59CD76B04C7DED /* BombestBeats.app */,
			);
			name = Products;
			sourceTree = "<group>";
		};
		7EF70A6F6345A1DA71EDCD26 /* InfoPlists */ = {
			isa = PBXGroup;
			children = (
				3FE8EAA1D2F4F27318CD76ED /* BombestBeats-Info.plist */,
			);
			path = InfoPlists;
			sourceTree = "<group>";
		};
		84716BA9BE24E7269ED0683D /* Sources */ = {
			isa = PBXGroup;
			children = (
				B62EA7035F235915AFB61EB9 /* TuistAssets+BombestBeats.swift */,
				8C1ED01486B3EB2A34E51B8E /* TuistBundle+BombestBeats.swift */,
			);
			path = Sources;
			sourceTree = "<group>";
		};
		898A87030B0D3BB89C19F757 /* Project */ = {
			isa = PBXGroup;
			children = (
				8D994C22B5304B9480F4F669 /* Derived */,
				BDD9787AC89964F0B59D9262 /* Targets */,
				BF3F8A82E42B96C4263CF0E6 /* BombestBeats.entitlements */,
			);
			name = Project;
			sourceTree = "<group>";
		};
		8D994C22B5304B9480F4F669 /* Derived */ = {
			isa = PBXGroup;
			children = (
				7EF70A6F6345A1DA71EDCD26 /* InfoPlists */,
				84716BA9BE24E7269ED0683D /* Sources */,
			);
			path = Derived;
			sourceTree = "<group>";
		};
		A5B2F43F2067139909342CBF /* Sources */ = {
			isa = PBXGroup;
			children = (
				105CF1690FE971FC54D94B69 /* Models */,
				2064B2E2A819A8E21FE1D8DC /* Services */,
				3A71B42D53DB6EC601A93DCA /* Theme */,
				5880D97C7DD03E0E5C4E55E7 /* ViewModels */,
				251D43CD3856C6B0B921E238 /* Views */,
				9A56A2ED54B851A045E3DF7E /* BombestApp.swift */,
				24FFEBF856DF23951BCDA3AF /* MainTabView.swift */,
			);
			path = Sources;
			sourceTree = "<group>";
		};
		B0A2D849194A3447A4335322 = {
			isa = PBXGroup;
			children = (
				7BE28D9479C2659A94CB8FF3 /* Products */,
				898A87030B0D3BB89C19F757 /* Project */,
			);
			sourceTree = "<group>";
		};
		BDD9787AC89964F0B59D9262 /* Targets */ = {
			isa = PBXGroup;
			children = (
				FD7428E6D94A74099756B0B3 /* BombestBeats */,
			);
			path = Targets;
			sourceTree = "<group>";
		};
		FD7428E6D94A74099756B0B3 /* BombestBeats */ = {
			isa = PBXGroup;
			children = (
				5DAE1BBFBB733433C9D2976B /* Resources */,
				A5B2F43F2067139909342CBF /* Sources */,
			);
			path = BombestBeats;
			sourceTree = "<group>";
		};
/* End PBXGroup section */

/* Begin PBXNativeTarget section */
		E0FDD8BEC66DE051F79D97A7 /* BombestBeats */ = {
			isa = PBXNativeTarget;
			buildConfigurationList = BD5BB4E603A0B8DD059D2392 /* Build configuration list for PBXNativeTarget "BombestBeats" */;
			buildPhases = (
				527305004BBA463B1F2A75BC /* Sources */,
				C305E219227DB26BB204663F /* Resources */,
				B718735A9D61D877D5F2DB67 /* Frameworks */,
				720C7765352F1748DF2126CC /* Embed Frameworks */,
			);
			buildRules = (
			);
			dependencies = (
			);
			name = BombestBeats;
			packageProductDependencies = (
			);
			productName = BombestBeats;
			productReference = 1F7F62073A59CD76B04C7DED /* BombestBeats.app */;
			productType = "com.apple.product-type.application";
		};
/* End PBXNativeTarget section */

/* Begin PBXProject section */
		84E07BBF8DD8FFDA5057D40C /* Project object */ = {
			isa = PBXProject;
			attributes = {
				BuildIndependentTargetsInParallel = YES;
				TargetAttributes = {
				};
			};
			buildConfigurationList = 2A703B9FA33E8F3DE66EDA52 /* Build configuration list for PBXProject "BombestBeats" */;
			compatibilityVersion = "Xcode 14.0";
			developmentRegion = en;
			hasScannedForEncodings = 0;
			knownRegions = (
				Base,
				en,
			);
			mainGroup = B0A2D849194A3447A4335322;
			productRefGroup = 7BE28D9479C2659A94CB8FF3 /* Products */;
			projectDirPath = "";
			projectRoot = "";
			targets = (
				E0FDD8BEC66DE051F79D97A7 /* BombestBeats */,
			);
		};
/* End PBXProject section */

/* Begin PBXResourcesBuildPhase section */
		C305E219227DB26BB204663F /* Resources */ = {
			isa = PBXResourcesBuildPhase;
			buildActionMask = 2147483647;
			files = (
				B9F22F041C234E1DB43EA273 /* Assets.xcassets in Resources */,
			);
			runOnlyForDeploymentPostprocessing = 0;
		};
/* End PBXResourcesBuildPhase section */

/* Begin PBXSourcesBuildPhase section */
		527305004BBA463B1F2A75BC /* Sources */ = {
			isa = PBXSourcesBuildPhase;
			buildActionMask = 2147483647;
			files = (
				7CD80F741CD4A5DE694ABCC6 /* TuistAssets+BombestBeats.swift in Sources */,
				BD8318D42EBE84A3B9EB5FC7 /* TuistBundle+BombestBeats.swift in Sources */,
				51CF5B0866E2D11BEBFDDBD8 /* BombestApp.swift in Sources */,
				101CB30C55A9598F545B9565 /* MainTabView.swift in Sources */,
				9BD0B256A860750494A362A6 /* Models.swift in Sources */,
				706E4840D1C59861CF96B45B /* APIService.swift in Sources */,
				786FD81260A8D83867B14B52 /* AudioService.swift in Sources */,
				0FD67032DA5441749833D6A3 /* CarPlayManager.swift in Sources */,
				A1F2CF540D26BEE08F866371 /* FavoritesManager.swift in Sources */,
				C7F9159EDC47829FC5163C48 /* FileCacheService.swift in Sources */,
				BFE21149BED9C086239CC32F /* HapticsManager.swift in Sources */,
				2B7ACFB254552C80B2198196 /* ImageCacheService.swift in Sources */,
				F10AFAFDD3EEFD5DCF8C34B7 /* MetricsService.swift in Sources */,
				49D7FBD58988C71B3620AB9A /* ThemeProvider.swift in Sources */,
				62680097AF286D60EF50E4E1 /* AuthViewModel.swift in Sources */,
				FAEAEF5D92017947EE608FD6 /* DashboardViewModel.swift in Sources */,
				01F69B8310FBA00D792B0F37 /* LibraryViewModel.swift in Sources */,
				248A0DFF4A88F17EA7980298 /* PlaylistDetailViewModel.swift in Sources */,
				30BB485D30F9574008572866 /* SearchViewModel.swift in Sources */,
				AF09A519B1D9DDD4908C4087 /* CachedImage.swift in Sources */,
				84438D740E0C4ECC896EFB06 /* GraffitiVisualizer.swift in Sources */,
				23E168F7E8ACBFFE160F717C /* OscilloscopeVisualizer.swift in Sources */,
				0398BB1F1451C7FD96D2BEFE /* SprayPaintProgress.swift in Sources */,
				462AA8F68B20B467F83F095F /* VUMeterProgress.swift in Sources */,
				143448211C2E68B3BEC5464F /* DashboardView.swift in Sources */,
				97C23930D8A77C0DA8DB1F38 /* LibraryCard.swift in Sources */,
				04D1665AB24791DC5DD5A2B9 /* LibraryView.swift in Sources */,
				A3726A3E871073984011A650 /* LoginView.swift in Sources */,
				9D15100041208329687F4D4B /* MiniPlayerView.swift in Sources */,
				C206291932A2ED320E773D53 /* PasskeyManagementView.swift in Sources */,
				0FCCBA7D2175A642FD57FFA7 /* PlayerView.swift in Sources */,
				435F373DFC8864AECCE0E39B /* PlaylistDetailView.swift in Sources */,
				B559D1CDA9EF15D39C90393B /* SearchView.swift in Sources */,
				6E3DFBBB064F5A80C452ACFD /* SettingsView.swift in Sources */,
				4E6E79583E58BA4F6851017C /* TrackRow.swift in Sources */,
			);
			runOnlyForDeploymentPostprocessing = 0;
		};
/* End PBXSourcesBuildPhase section */

/* Begin XCBuildConfiguration section */
		12DB504D44AA2623D56FE1A0 /* Release */ = {
			isa = XCBuildConfiguration;
			buildSettings = {
				ASSETCATALOG_COMPILER_APPICON_NAME = AppIcon;
				ASSETCATALOG_COMPILER_GLOBAL_ACCENT_COLOR_NAME = AccentColor;
				CODE_SIGN_ENTITLEMENTS = BombestBeats.entitlements;
				CODE_SIGN_IDENTITY = "iPhone Developer";
				CODE_SIGN_STYLE = Automatic;
				DEVELOPMENT_TEAM = 8C4A8V568P;
				ENABLE_PREVIEWS = YES;
				INFOPLIST_FILE = "Derived/InfoPlists/BombestBeats-Info.plist";
				IPHONEOS_DEPLOYMENT_TARGET = 17.0;
				LD_RUNPATH_SEARCH_PATHS = (
					"$(inherited)",
					"@executable_path/Frameworks",
				);
				PRODUCT_BUNDLE_IDENTIFIER = best.bom.beats;
				PRODUCT_NAME = BombestBeats;
				SDKROOT = iphoneos;
				SUPPORTS_MACCATALYST = NO;
				SUPPORTS_MAC_DESIGNED_FOR_IPHONE_IPAD = YES;
				SUPPORTS_XR_DESIGNED_FOR_IPHONE_IPAD = NO;
				SWIFT_COMPILATION_MODE = wholemodule;
				SWIFT_OPTIMIZATION_LEVEL = "-O";
				SWIFT_VERSION = 5.0;
				TARGETED_DEVICE_FAMILY = "1,2";
			};
			name = Release;
		};
		5B5DB5C68FB1398676A06E0D /* Release */ = {
			isa = XCBuildConfiguration;
			buildSettings = {
				ALWAYS_SEARCH_USER_PATHS = NO;
				CLANG_ANALYZER_LOCALIZABILITY_NONLOCALIZED = YES;
				CLANG_ANALYZER_NONNULL = YES;
				CLANG_ANALYZER_NUMBER_OBJECT_CONVERSION = YES_AGGRESSIVE;
				CLANG_CXX_LANGUAGE_STANDARD = "gnu++14";
				CLANG_CXX_LIBRARY = "libc++";
				CLANG_ENABLE_MODULES = YES;
				CLANG_ENABLE_OBJC_ARC = YES;
				CLANG_ENABLE_OBJC_WEAK = YES;
				CLANG_WARN_BLOCK_CAPTURE_AUTORELEASING = YES;
				CLANG_WARN_BOOL_CONVERSION = YES;
				CLANG_WARN_COMMA = YES;
				CLANG_WARN_CONSTANT_CONVERSION = YES;
				CLANG_WARN_DEPRECATED_OBJC_IMPLEMENTATIONS = YES;
				CLANG_WARN_DIRECT_OBJC_ISA_USAGE = YES_ERROR;
				CLANG_WARN_DOCUMENTATION_COMMENTS = YES;
				CLANG_WARN_EMPTY_BODY = YES;
				CLANG_WARN_ENUM_CONVERSION = YES;
				CLANG_WARN_INFINITE_RECURSION = YES;
				CLANG_WARN_INT_CONVERSION = YES;
				CLANG_WARN_NON_LITERAL_NULL_CONVERSION = YES;
				CLANG_WARN_OBJC_IMPLICIT_RETAIN_SELF = YES;
				CLANG_WARN_OBJC_LITERAL_CONVERSION = YES;
				CLANG_WARN_OBJC_ROOT_CLASS = YES_ERROR;
				CLANG_WARN_QUOTED_INCLUDE_IN_FRAMEWORK_HEADER = YES;
				CLANG_WARN_RANGE_LOOP_ANALYSIS = YES;
				CLANG_WARN_STRICT_PROTOTYPES = YES;
				CLANG_WARN_SUSPICIOUS_MOVE = YES;
				CLANG_WARN_UNGUARDED_AVAILABILITY = YES_AGGRESSIVE;
				CLANG_WARN_UNREACHABLE_CODE = YES;
				CLANG_WARN__DUPLICATE_METHOD_MATCH = YES;
				COPY_PHASE_STRIP = NO;
				DEAD_CODE_STRIPPING = YES;
				DEBUG_INFORMATION_FORMAT = "dwarf-with-dsym";
				ENABLE_NS_ASSERTIONS = NO;
				ENABLE_STRICT_OBJC_MSGSEND = YES;
				GCC_C_LANGUAGE_STANDARD = gnu11;
				GCC_NO_COMMON_BLOCKS = YES;
				GCC_WARN_64_TO_32_BIT_CONVERSION = YES;
				GCC_WARN_ABOUT_RETURN_TYPE = YES_ERROR;
				GCC_WARN_UNDECLARED_SELECTOR = YES;
				GCC_WARN_UNINITIALIZED_AUTOS = YES_AGGRESSIVE;
				GCC_WARN_UNUSED_FUNCTION = YES;
				GCC_WARN_UNUSED_VARIABLE = YES;
				MTL_ENABLE_DEBUG_INFO = NO;
				PRODUCT_NAME = "$(TARGET_NAME)";
				VALIDATE_PRODUCT = YES;
			};
			name = Release;
		};
		77C1E4BE0DD490EA3BF93A2F /* Debug */ = {
			isa = XCBuildConfiguration;
			buildSettings = {
				ALWAYS_SEARCH_USER_PATHS = NO;
				CLANG_ANALYZER_LOCALIZABILITY_NONLOCALIZED = YES;
				CLANG_ANALYZER_NONNULL = YES;
				CLANG_ANALYZER_NUMBER_OBJECT_CONVERSION = YES_AGGRESSIVE;
				CLANG_CXX_LANGUAGE_STANDARD = "gnu++14";
				CLANG_CXX_LIBRARY = "libc++";
				CLANG_ENABLE_MODULES = YES;
				CLANG_ENABLE_OBJC_ARC = YES;
				CLANG_ENABLE_OBJC_WEAK = YES;
				CLANG_WARN_BLOCK_CAPTURE_AUTORELEASING = YES;
				CLANG_WARN_BOOL_CONVERSION = YES;
				CLANG_WARN_COMMA = YES;
				CLANG_WARN_CONSTANT_CONVERSION = YES;
				CLANG_WARN_DEPRECATED_OBJC_IMPLEMENTATIONS = YES;
				CLANG_WARN_DIRECT_OBJC_ISA_USAGE = YES_ERROR;
				CLANG_WARN_DOCUMENTATION_COMMENTS = YES;
				CLANG_WARN_EMPTY_BODY = YES;
				CLANG_WARN_ENUM_CONVERSION = YES;
				CLANG_WARN_INFINITE_RECURSION = YES;
				CLANG_WARN_INT_CONVERSION = YES;
				CLANG_WARN_NON_LITERAL_NULL_CONVERSION = YES;
				CLANG_WARN_OBJC_IMPLICIT_RETAIN_SELF = YES;
				CLANG_WARN_OBJC_LITERAL_CONVERSION = YES;
				CLANG_WARN_OBJC_ROOT_CLASS = YES_ERROR;
				CLANG_WARN_QUOTED_INCLUDE_IN_FRAMEWORK_HEADER = YES;
				CLANG_WARN_RANGE_LOOP_ANALYSIS = YES;
				CLANG_WARN_STRICT_PROTOTYPES = YES;
				CLANG_WARN_SUSPICIOUS_MOVE = YES;
				CLANG_WARN_UNGUARDED_AVAILABILITY = YES_AGGRESSIVE;
				CLANG_WARN_UNREACHABLE_CODE = YES;
				CLANG_WARN__DUPLICATE_METHOD_MATCH = YES;
				COPY_PHASE_STRIP = NO;
				DEAD_CODE_STRIPPING = YES;
				DEBUG_INFORMATION_FORMAT = dwarf;
				ENABLE_STRICT_OBJC_MSGSEND = YES;
				ENABLE_TESTABILITY = YES;
				GCC_C_LANGUAGE_STANDARD = gnu11;
				GCC_DYNAMIC_NO_PIC = NO;
				GCC_NO_COMMON_BLOCKS = YES;
				GCC_OPTIMIZATION_LEVEL = 0;
				GCC_PREPROCESSOR_DEFINITIONS = (
					"DEBUG=1",
					"$(inherited)",
				);
				GCC_WARN_64_TO_32_BIT_CONVERSION = YES;
				GCC_WARN_ABOUT_RETURN_TYPE = YES_ERROR;
				GCC_WARN_UNDECLARED_SELECTOR = YES;
				GCC_WARN_UNINITIALIZED_AUTOS = YES_AGGRESSIVE;
				GCC_WARN_UNUSED_FUNCTION = YES;
				GCC_WARN_UNUSED_VARIABLE = YES;
				MTL_ENABLE_DEBUG_INFO = YES;
				ONLY_ACTIVE_ARCH = YES;
				PRODUCT_NAME = "$(TARGET_NAME)";
			};
			name = Debug;
		};
		97BC259B411285495AC6D8D6 /* Debug */ = {
			isa = XCBuildConfiguration;
			buildSettings = {
				ASSETCATALOG_COMPILER_APPICON_NAME = AppIcon;
				ASSETCATALOG_COMPILER_GLOBAL_ACCENT_COLOR_NAME = AccentColor;
				CODE_SIGN_ENTITLEMENTS = BombestBeats.entitlements;
				CODE_SIGN_IDENTITY = "iPhone Developer";
				CODE_SIGN_STYLE = Automatic;
				DEVELOPMENT_TEAM = 8C4A8V568P;
				ENABLE_PREVIEWS = YES;
				INFOPLIST_FILE = "Derived/InfoPlists/BombestBeats-Info.plist";
				IPHONEOS_DEPLOYMENT_TARGET = 17.0;
				LD_RUNPATH_SEARCH_PATHS = (
					"$(inherited)",
					"@executable_path/Frameworks",
				);
				PRODUCT_BUNDLE_IDENTIFIER = best.bom.beats;
				PRODUCT_NAME = BombestBeats;
				SDKROOT = iphoneos;
				SUPPORTS_MACCATALYST = NO;
				SUPPORTS_MAC_DESIGNED_FOR_IPHONE_IPAD = YES;
				SUPPORTS_XR_DESIGNED_FOR_IPHONE_IPAD = NO;
				SWIFT_ACTIVE_COMPILATION_CONDITIONS = (
					"$(inherited)",
					DEBUG,
				);
				SWIFT_COMPILATION_MODE = singlefile;
				SWIFT_OPTIMIZATION_LEVEL = "-Onone";
				SWIFT_VERSION = 5.0;
				TARGETED_DEVICE_FAMILY = "1,2";
			};
			name = Debug;
		};
/* End XCBuildConfiguration section */

/* Begin XCConfigurationList section */
		2A703B9FA33E8F3DE66EDA52 /* Build configuration list for PBXProject "BombestBeats" */ = {
			isa = XCConfigurationList;
			buildConfigurations = (
				77C1E4BE0DD490EA3BF93A2F /* Debug */,
				5B5DB5C68FB1398676A06E0D /* Release */,
			);
			defaultConfigurationIsVisible = 0;
			defaultConfigurationName = Release;
		};
		BD5BB4E603A0B8DD059D2392 /* Build configuration list for PBXNativeTarget "BombestBeats" */ = {
			isa = XCConfigurationList;
			buildConfigurations = (
				97BC259B411285495AC6D8D6 /* Debug */,
				12DB504D44AA2623D56FE1A0 /* Release */,
			);
			defaultConfigurationIsVisible = 0;
			defaultConfigurationName = Release;
		};
/* End XCConfigurationList section */
	};
	rootObject = 84E07BBF8DD8FFDA5057D40C /* Project object */;
}
